// !$*UTF8*$!
{
	archiveVersion = 1;
	classes = {
	};
	objectVersion = 55;
	objects = {

/* Begin PBXBuildFile section */
		10474A44296414610064B5BB /* SwiftUIMapApp.swift in Sources */ = {isa = PBXBuildFile; fileRef = 10474A43296414610064B5BB /* SwiftUIMapApp.swift */; };
		10474A46296414610064B5BB /* ContentView.swift in Sources */ = {isa = PBXBuildFile; fileRef = 10474A45296414610064B5BB /* ContentView.swift */; };
		10474A48296414640064B5BB /* Assets.xcassets in Resources */ = {isa = PBXBuildFile; fileRef = 10474A47296414640064B5BB /* Assets.xcassets */; };
		10474A4B296414640064B5BB /* Preview Assets.xcassets in Resources */ = {isa = PBXBuildFile; fileRef = 10474A4A296414640064B5BB /* Preview Assets.xcassets */; };
		10474A552964183B0064B5BB /* Location.swift in Sources */ = {isa = PBXBuildFile; fileRef = 10474A542964183B0064B5BB /* Location.swift */; };
		10474A582964400B0064B5BB /* LocationDataService.swift in Sources */ = {isa = PBXBuildFile; fileRef = 10474A572964400B0064B5BB /* LocationDataService.swift */; };
		10474A5A29644A980064B5BB /* LocationsView.swift in Sources */ = {isa = PBXBuildFile; fileRef = 10474A5929644A980064B5BB /* LocationsView.swift */; };
		1056C2A2296B5A5800475047 /* LocationsViewModel.swift in Sources */ = {isa = PBXBuildFile; fileRef = 1056C2A1296B5A5800475047 /* LocationsViewModel.swift */; };
		10A25E0C299CBB4A003C5F47 /* LocationMapAnnotationView.swift in Sources */ = {isa = PBXBuildFile; fileRef = 10A25E0B299CBB4A003C5F47 /* LocationMapAnnotationView.swift */; };
		10AF3A442993BDCA0032F60B /* LocationPreviewView.swift in Sources */ = {isa = PBXBuildFile; fileRef = 10AF3A432993BDCA0032F60B /* LocationPreviewView.swift */; };
		10F3C36C298930F900E28242 /* LocationsListView.swift in Sources */ = {isa = PBXBuildFile; fileRef = 10F3C36B298930F900E28242 /* LocationsListView.swift */; };
/* End PBXBuildFile section */

/* Begin PBXFileReference section */
		10474A40296414610064B5BB /* SwiftUIMap.app */ = {isa = PBXFileReference; explicitFileType = wrapper.application; includeInIndex = 0; path = SwiftUIMap.app; sourceTree = BUILT_PRODUCTS_DIR; };
		10474A43296414610064B5BB /* SwiftUIMapApp.swift */ = {isa = PBXFileReference; lastKnownFileType = sourcecode.swift; path = SwiftUIMapApp.swift; sourceTree = "<group>"; };
		10474A45296414610064B5BB /* ContentView.swift */ = {isa = PBXFileReference; lastKnownFileType = sourcecode.swift; path = ContentView.swift; sourceTree = "<group>"; };
		10474A47296414640064B5BB /* Assets.xcassets */ = {isa = PBXFileReference; lastKnownFileType = folder.assetcatalog; path = Assets.xcassets; sourceTree = "<group>"; };
		10474A4A296414640064B5BB /* Preview Assets.xcassets */ = {isa = PBXFileReference; lastKnownFileType = folder.assetcatalog; path = "Preview Assets.xcassets"; sourceTree = "<group>"; };
		10474A542964183B0064B5BB /* Location.swift */ = {isa = PBXFileReference; lastKnownFileType = sourcecode.swift; path = Location.swift; sourceTree = "<group>"; };
		10474A572964400B0064B5BB /* LocationDataService.swift */ = {isa = PBXFileReference; lastKnownFileType = sourcecode.swift; path = LocationDataService.swift; sourceTree = "<group>"; };
		10474A5929644A980064B5BB /* LocationsView.swift */ = {isa = PBXFileReference; lastKnownFileType = sourcecode.swift; path = LocationsView.swift; sourceTree = "<group>"; };
		1056C2A1296B5A5800475047 /* LocationsViewModel.swift */ = {isa = PBXFileReference; lastKnownFileType = sourcecode.swift; path = LocationsViewModel.swift; sourceTree = "<group>"; };
		10A25E0B299CBB4A003C5F47 /* LocationMapAnnotationView.swift */ = {isa = PBXFileReference; lastKnownFileType = sourcecode.swift; path = LocationMapAnnotationView.swift; sourceTree = "<group>"; };
		10AF3A432993BDCA0032F60B /* LocationPreviewView.swift */ = {isa = PBXFileReference; lastKnownFileType = sourcecode.swift; path = LocationPreviewView.swift; sourceTree = "<group>"; };
		10F3C36B298930F900E28242 /* LocationsListView.swift */ = {isa = PBXFileReference; lastKnownFileType = sourcecode.swift; path = LocationsListView.swift; sourceTree = "<group>"; };
/* End PBXFileReference section */

/* Begin PBXFrameworksBuildPhase section */
		10474A3D296414610064B5BB /* Frameworks */ = {
			isa = PBXFrameworksBuildPhase;
			buildActionMask = 2147483647;
			files = (
			);
			runOnlyForDeploymentPostprocessing = 0;
		};
/* End PBXFrameworksBuildPhase section */

/* Begin PBXGroup section */
		10474A37296414610064B5BB = {
			isa = PBXGroup;
			children = (
				10474A42296414610064B5BB /* SwiftUIMap */,
				10474A41296414610064B5BB /* Products */,
			);
			sourceTree = "<group>";
		};
		10474A41296414610064B5BB /* Products */ = {
			isa = PBXGroup;
			children = (
				10474A40296414610064B5BB /* SwiftUIMap.app */,
			);
			name = Products;
			sourceTree = "<group>";
		};
		10474A42296414610064B5BB /* SwiftUIMap */ = {
			isa = PBXGroup;
			children = (
				10474A43296414610064B5BB /* SwiftUIMapApp.swift */,
				10474A45296414610064B5BB /* ContentView.swift */,
				10474A5629643FB80064B5BB /* DataServices */,
				10474A53296417310064B5BB /* Views */,
				10474A52296417220064B5BB /* ViewModels */,
				10474A512964170E0064B5BB /* Models */,
				10474A47296414640064B5BB /* Assets.xcassets */,
				10474A49296414640064B5BB /* Preview Content */,
			);
			path = SwiftUIMap;
			sourceTree = "<group>";
		};
		10474A49296414640064B5BB /* Preview Content */ = {
			isa = PBXGroup;
			children = (
				10474A4A296414640064B5BB /* Preview Assets.xcassets */,
			);
			path = "Preview Content";
			sourceTree = "<group>";
		};
		10474A512964170E0064B5BB /* Models */ = {
			isa = PBXGroup;
			children = (
				10474A542964183B0064B5BB /* Location.swift */,
			);
			path = Models;
			sourceTree = "<group>";
		};
		10474A52296417220064B5BB /* ViewModels */ = {
			isa = PBXGroup;
			children = (
				1056C2A1296B5A5800475047 /* LocationsViewModel.swift */,
			);
			path = ViewModels;
			sourceTree = "<group>";
		};
		10474A53296417310064B5BB /* Views */ = {
			isa = PBXGroup;
			children = (
				10474A5929644A980064B5BB /* LocationsView.swift */,
				10F3C36B298930F900E28242 /* LocationsListView.swift */,
				10AF3A432993BDCA0032F60B /* LocationPreviewView.swift */,
				10A25E0B299CBB4A003C5F47 /* LocationMapAnnotationView.swift */,
			);
			path = Views;
			sourceTree = "<group>";
		};
		10474A5629643FB80064B5BB /* DataServices */ = {
			isa = PBXGroup;
			children = (
				10474A572964400B0064B5BB /* LocationDataService.swift */,
			);
			path = DataServices;
			sourceTree = "<group>";
		};
/* End PBXGroup section */

/* Begin PBXNativeTarget section */
		10474A3F296414610064B5BB /* SwiftUIMap */ = {
			isa = PBXNativeTarget;
			buildConfigurationList = 10474A4E296414640064B5BB /* Build configuration list for PBXNativeTarget "SwiftUIMap" */;
			buildPhases = (
				10474A3C296414610064B5BB /* Sources */,
				10474A3D296414610064B5BB /* Frameworks */,
				10474A3E296414610064B5BB /* Resources */,
			);
			buildRules = (
			);
			dependencies = (
			);
			name = SwiftUIMap;
			productName = SwiftUIMap;
			productReference = 10474A40296414610064B5BB /* SwiftUIMap.app */;
			productType = "com.apple.product-type.application";
		};
/* End PBXNativeTarget section */

/* Begin PBXProject section */
		10474A38296414610064B5BB /* Project object */ = {
			isa = PBXProject;
			attributes = {
				BuildIndependentTargetsInParallel = 1;
				LastSwiftUpdateCheck = 1340;
				LastUpgradeCheck = 1340;
				TargetAttributes = {
					10474A3F296414610064B5BB = {
						CreatedOnToolsVersion = 13.4.1;
					};
				};
			};
			buildConfigurationList = 10474A3B296414610064B5BB /* Build configuration list for PBXProject "SwiftUIMap" */;
			compatibilityVersion = "Xcode 13.0";
			developmentRegion = en;
			hasScannedForEncodings = 0;
			knownRegions = (
				en,
				Base,
			);
			mainGroup = 10474A37296414610064B5BB;
			productRefGroup = 10474A41296414610064B5BB /* Products */;
			projectDirPath = "";
			projectRoot = "";
			targets = (
				10474A3F296414610064B5BB /* SwiftUIMap */,
			);
		};
/* End PBXProject section */

/* Begin PBXResourcesBuildPhase section */
		10474A3E296414610064B5BB /* Resources */ = {
			isa = PBXResourcesBuildPhase;
			buildActionMask = 2147483647;
			files = (
				10474A4B296414640064B5BB /* Preview Assets.xcassets in Resources */,
				10474A48296414640064B5BB /* Assets.xcassets in Resources */,
			);
			runOnlyForDeploymentPostprocessing = 0;
		};
/* End PBXResourcesBuildPhase section */

/* Begin PBXSourcesBuildPhase section */
		10474A3C296414610064B5BB /* Sources */ = {
			isa = PBXSourcesBuildPhase;
			buildActionMask = 2147483647;
			files = (
				10474A582964400B0064B5BB /* LocationDataService.swift in Sources */,
				10A25E0C299CBB4A003C5F47 /* LocationMapAnnotationView.swift in Sources */,
				10F3C36C298930F900E28242 /* LocationsListView.swift in Sources */,
				10AF3A442993BDCA0032F60B /* LocationPreviewView.swift in Sources */,
				1056C2A2296B5A5800475047 /* LocationsViewModel.swift in Sources */,
				10474A46296414610064B5BB /* ContentView.swift in Sources */,
				10474A5A29644A980064B5BB /* LocationsView.swift in Sources */,
				10474A552964183B0064B5BB /* Location.swift in Sources */,
				10474A44296414610064B5BB /* SwiftUIMapApp.swift in Sources */,
			);
			runOnlyForDeploymentPostprocessing = 0;
		};
/* End PBXSourcesBuildPhase section */

/* Begin XCBuildConfiguration section */
		10474A4C296414640064B5BB /* Debug */ = {
			isa = XCBuildConfiguration;
			buildSettings = {
				ALWAYS_SEARCH_USER_PATHS = NO;
				CLANG_ANALYZER_NONNULL = YES;
				CLANG_ANALYZER_NUMBER_OBJECT_CONVERSION = YES_AGGRESSIVE;
				CLANG_CXX_LANGUAGE_STANDARD = "gnu++17";
				CLANG_ENABLE_MODULES = YES;
				CLANG_ENABLE_OBJC_ARC = YES;
				CLANG_ENABLE_OBJC_WEAK = YES;
				CLANG_WARN_BLOCK_CAPTURE_AUTORELEASING = YES;
				CLANG_WARN_BOOL_CONVERSION = YES;
				CLANG_WARN_COMMA = YES;
				CLANG_WARN_CONSTANT_CONVERSION = YES;
				CLANG_WARN_DEPRECATED_OBJC_IMPLEMENTATIONS = YES;
				CLANG_WARN_DIRECT_OBJC_ISA_USAGE = YES_ERROR;
				CLANG_WARN_DOCUMENTATION_COMMENTS = YES;
				CLANG_WARN_EMPTY_BODY = YES;
				CLANG_WARN_ENUM_CONVERSION = YES;
				CLANG_WARN_INFINITE_RECURSION = YES;
				CLANG_WARN_INT_CONVERSION = YES;
				CLANG_WARN_NON_LITERAL_NULL_CONVERSION = YES;
				CLANG_WARN_OBJC_IMPLICIT_RETAIN_SELF = YES;
				CLANG_WARN_OBJC_LITERAL_CONVERSION = YES;
				CLANG_WARN_OBJC_ROOT_CLASS = YES_ERROR;
				CLANG_WARN_QUOTED_INCLUDE_IN_FRAMEWORK_HEADER = YES;
				CLANG_WARN_RANGE_LOOP_ANALYSIS = YES;
				CLANG_WARN_STRICT_PROTOTYPES = YES;
				CLANG_WARN_SUSPICIOUS_MOVE = YES;
				CLANG_WARN_UNGUARDED_AVAILABILITY = YES_AGGRESSIVE;
				CLANG_WARN_UNREACHABLE_CODE = YES;
				CLANG_WARN__DUPLICATE_METHOD_MATCH = YES;
				COPY_PHASE_STRIP = NO;
				DEBUG_INFORMATION_FORMAT = dwarf;
				ENABLE_STRICT_OBJC_MSGSEND = YES;
				ENABLE_TESTABILITY = YES;
				GCC_C_LANGUAGE_STANDARD = gnu11;
				GCC_DYNAMIC_NO_PIC = NO;
				GCC_NO_COMMON_BLOCKS = YES;
				GCC_OPTIMIZATION_LEVEL = 0;
				GCC_PREPROCESSOR_DEFINITIONS = (
					"DEBUG=1",
					"$(inherited)",
				);
				GCC_WARN_64_TO_32_BIT_CONVERSION = YES;
				GCC_WARN_ABOUT_RETURN_TYPE = YES_ERROR;
				GCC_WARN_UNDECLARED_SELECTOR = YES;
				GCC_WARN_UNINITIALIZED_AUTOS = YES_AGGRESSIVE;
				GCC_WARN_UNUSED_FUNCTION = YES;
				GCC_WARN_UNUSED_VARIABLE = YES;
				IPHONEOS_DEPLOYMENT_TARGET = 15.5;
				MTL_ENABLE_DEBUG_INFO = INCLUDE_SOURCE;
				MTL_FAST_MATH = YES;
				ONLY_ACTIVE_ARCH = YES;
				SDKROOT = iphoneos;
				SWIFT_ACTIVE_COMPILATION_CONDITIONS = DEBUG;
				SWIFT_OPTIMIZATION_LEVEL = "-Onone";
			};
			name = Debug;
		};
		10474A4D296414640064B5BB /* Release */ = {
			isa = XCBuildConfiguration;
			buildSettings = {
				ALWAYS_SEARCH_USER_PATHS = NO;
				CLANG_ANALYZER_NONNULL = YES;
				CLANG_ANALYZER_NUMBER_OBJECT_CONVERSION = YES_AGGRESSIVE;
				CLANG_CXX_LANGUAGE_STANDARD = "gnu++17";
				CLANG_ENABLE_MODULES = YES;
				CLANG_ENABLE_OBJC_ARC = YES;
				CLANG_ENABLE_OBJC_WEAK = YES;
				CLANG_WARN_BLOCK_CAPTURE_AUTORELEASING = YES;
				CLANG_WARN_BOOL_CONVERSION = YES;
				CLANG_WARN_COMMA = YES;
				CLANG_WARN_CONSTANT_CONVERSION = YES;
				CLANG_WARN_DEPRECATED_OBJC_IMPLEMENTATIONS = YES;
				CLANG_WARN_DIRECT_OBJC_ISA_USAGE = YES_ERROR;
				CLANG_WARN_DOCUMENTATION_COMMENTS = YES;
				CLANG_WARN_EMPTY_BODY = YES;
				CLANG_WARN_ENUM_CONVERSION = YES;
				CLANG_WARN_INFINITE_RECURSION = YES;
				CLANG_WARN_INT_CONVERSION = YES;
				CLANG_WARN_NON_LITERAL_NULL_CONVERSION = YES;
				CLANG_WARN_OBJC_IMPLICIT_RETAIN_SELF = YES;
				CLANG_WARN_OBJC_LITERAL_CONVERSION = YES;
				CLANG_WARN_OBJC_ROOT_CLASS = YES_ERROR;
				CLANG_WARN_QUOTED_INCLUDE_IN_FRAMEWORK_HEADER = YES;
				CLANG_WARN_RANGE_LOOP_ANALYSIS = YES;
				CLANG_WARN_STRICT_PROTOTYPES = YES;
				CLANG_WARN_SUSPICIOUS_MOVE = YES;
				CLANG_WARN_UNGUARDED_AVAILABILITY = YES_AGGRESSIVE;
				CLANG_WARN_UNREACHABLE_CODE = YES;
				CLANG_WARN__DUPLICATE_METHOD_MATCH = YES;
				COPY_PHASE_STRIP = NO;
				DEBUG_INFORMATION_FORMAT = "dwarf-with-dsym";
				ENABLE_NS_ASSERTIONS = NO;
				ENABLE_STRICT_OBJC_MSGSEND = YES;
				GCC_C_LANGUAGE_STANDARD = gnu11;
				GCC_NO_COMMON_BLOCKS = YES;
				GCC_WARN_64_TO_32_BIT_CONVERSION = YES;
				GCC_WARN_ABOUT_RETURN_TYPE = YES_ERROR;
				GCC_WARN_UNDECLARED_SELECTOR = YES;
				GCC_WARN_UNINITIALIZED_AUTOS = YES_AGGRESSIVE;
				GCC_WARN_UNUSED_FUNCTION = YES;
				GCC_WARN_UNUSED_VARIABLE = YES;
				IPHONEOS_DEPLOYMENT_TARGET = 15.5;
				MTL_ENABLE_DEBUG_INFO = NO;
				MTL_FAST_MATH = YES;
				SDKROOT = iphoneos;
				SWIFT_COMPILATION_MODE = wholemodule;
				SWIFT_OPTIMIZATION_LEVEL = "-O";
				VALIDATE_PRODUCT = YES;
			};
			name = Release;
		};
		10474A4F296414640064B5BB /* Debug */ = {
			isa = XCBuildConfiguration;
			buildSettings = {
				ASSETCATALOG_COMPILER_APPICON_NAME = AppIcon;
				ASSETCATALOG_COMPILER_GLOBAL_ACCENT_COLOR_NAME = AccentColor;
				CODE_SIGN_STYLE = Automatic;
				CURRENT_PROJECT_VERSION = 1;
				DEVELOPMENT_ASSET_PATHS = "\"SwiftUIMap/Preview Content\"";
				ENABLE_PREVIEWS = YES;
				GENERATE_INFOPLIST_FILE = YES;
				INFOPLIST_KEY_UIApplicationSceneManifest_Generation = YES;
				INFOPLIST_KEY_UIApplicationSupportsIndirectInputEvents = YES;
				INFOPLIST_KEY_UILaunchScreen_Generation = YES;
				INFOPLIST_KEY_UISupportedInterfaceOrientations_iPad = "UIInterfaceOrientationPortrait UIInterfaceOrientationPortraitUpsideDown UIInterfaceOrientationLandscapeLeft UIInterfaceOrientationLandscapeRight";
				INFOPLIST_KEY_UISupportedInterfaceOrientations_iPhone = "UIInterfaceOrientationPortrait UIInterfaceOrientationLandscapeLeft UIInterfaceOrientationLandscapeRight";
				LD_RUNPATH_SEARCH_PATHS = (
					"$(inherited)",
					"@executable_path/Frameworks",
				);
				MARKETING_VERSION = 1.0;
				PRODUCT_BUNDLE_IDENTIFIER = ArpuSquare.SwiftUIMap;
				PRODUCT_NAME = "$(TARGET_NAME)";
				SWIFT_EMIT_LOC_STRINGS = YES;
				SWIFT_VERSION = 5.0;
				TARGETED_DEVICE_FAMILY = "1,2";
			};
			name = Debug;
		};
		10474A50296414640064B5BB /* Release */ = {
			isa = XCBuildConfiguration;
			buildSettings = {
				ASSETCATALOG_COMPILER_APPICON_NAME = AppIcon;
				ASSETCATALOG_COMPILER_GLOBAL_ACCENT_COLOR_NAME = AccentColor;
				CODE_SIGN_STYLE = Automatic;
				CURRENT_PROJECT_VERSION = 1;
				DEVELOPMENT_ASSET_PATHS = "\"SwiftUIMap/Preview Content\"";
				ENABLE_PREVIEWS = YES;
				GENERATE_INFOPLIST_FILE = YES;
				INFOPLIST_KEY_UIApplicationSceneManifest_Generation = YES;
				INFOPLIST_KEY_UIApplicationSupportsIndirectInputEvents = YES;
				INFOPLIST_KEY_UILaunchScreen_Generation = YES;
				INFOPLIST_KEY_UISupportedInterfaceOrientations_iPad = "UIInterfaceOrientationPortrait UIInterfaceOrientationPortraitUpsideDown UIInterfaceOrientationLandscapeLeft UIInterfaceOrientationLandscapeRight";
				INFOPLIST_KEY_UISupportedInterfaceOrientations_iPhone = "UIInterfaceOrientationPortrait UIInterfaceOrientationLandscapeLeft UIInterfaceOrientationLandscapeRight";
				LD_RUNPATH_SEARCH_PATHS = (
					"$(inherited)",
					"@executable_path/Frameworks",
				);
				MARKETING_VERSION = 1.0;
				PRODUCT_BUNDLE_IDENTIFIER = ArpuSquare.SwiftUIMap;
				PRODUCT_NAME = "$(TARGET_NAME)";
				SWIFT_EMIT_LOC_STRINGS = YES;
				SWIFT_VERSION = 5.0;
				TARGETED_DEVICE_FAMILY = "1,2";
			};
			name = Release;
		};
/* End XCBuildConfiguration section */

/* Begin XCConfigurationList section */
		10474A3B296414610064B5BB /* Build configuration list for PBXProject "SwiftUIMap" */ = {
			isa = XCConfigurationList;
			buildConfigurations = (
				10474A4C296414640064B5BB /* Debug */,
				10474A4D296414640064B5BB /* Release */,
			);
			defaultConfigurationIsVisible = 0;
			defaultConfigurationName = Release;
		};
		10474A4E296414640064B5BB /* Build configuration list for PBXNativeTarget "SwiftUIMap" */ = {
			isa = XCConfigurationList;
			buildConfigurations = (
				10474A4F296414640064B5BB /* Debug */,
				10474A50296414640064B5BB /* Release */,
			);
			defaultConfigurationIsVisible = 0;
			defaultConfigurationName = Release;
		};
/* End XCConfigurationList section */
	};
	rootObject = 10474A38296414610064B5BB /* Project object */;
}
